
Microsoft Visual Studio Solution File, Format Version 12.00
# Visual Studio 15
VisualStudioVersion = 15.0.27703.2042
MinimumVisualStudioVersion = 10.0.40219.1
Project("{FAE04EC0-301F-11D3-BF4B-00C04F79EFBC}") = "teste", "teste\teste.csproj", "{1CFB9EA7-D831-4EA0-B557-116C9BC53403}"
EndProject
Project("{FAE04EC0-301F-11D3-BF4B-00C04F79EFBC}") = "Servico", "Servico\Servico.csproj", "{2B0D4800-917D-49FB-A780-0F4D392157C1}"
EndProject
Global
	GlobalSection(SolutionConfigurationPlatforms) = preSolution
		Debug|Any CPU = Debug|Any CPU
		Release|Any CPU = Release|Any CPU
	EndGlobalSection
	GlobalSection(ProjectConfigurationPlatforms) = postSolution
		{1CFB9EA7-D831-4EA0-B557-116C9BC53403}.Debug|Any CPU.ActiveCfg = Debug|Any CPU
		{1CFB9EA7-D831-4EA0-B557-116C9BC53403}.Debug|Any CPU.Build.0 = Debug|Any CPU
		{1CFB9EA7-D831-4EA0-B557-116C9BC53403}.Release|Any CPU.ActiveCfg = Release|Any CPU
		{1CFB9EA7-D831-4EA0-B557-116C9BC53403}.Release|Any CPU.Build.0 = Release|Any CPU
		{2B0D4800-917D-49FB-A780-0F4D392157C1}.Debug|Any CPU.ActiveCfg = Debug|Any CPU
		{2B0D4800-917D-49FB-A780-0F4D392157C1}.Debug|Any CPU.Build.0 = Debug|Any CPU
		{2B0D4800-917D-49FB-A780-0F4D392157C1}.Release|Any CPU.ActiveCfg = Release|Any CPU
		{2B0D4800-917D-49FB-A780-0F4D392157C1}.Release|Any CPU.Build.0 = Release|Any CPU
	EndGlobalSection
	GlobalSection(SolutionProperties) = preSolution
		HideSolutionNode = FALSE
	EndGlobalSection
	GlobalSection(ExtensibilityGlobals) = postSolution
		SolutionGuid = {CC2A4149-8237-494F-9A83-08E91C620C70}
	EndGlobalSection
EndGlobal
